# This file was autogenerated by Stack.
# You should not edit this file by hand.
# For more information, please see the documentation at:
#   https://docs.haskellstack.org/en/stable/lock_files

packages:
- completed:
    size: 9802201
    subdir: llvm-hs
    url: https://github.com/llvm-hs/llvm-hs/archive/e4b3cfa47e72f094ab109884f18acfc666b0fb7d.tar.gz
    name: llvm-hs
    version: 15.0.0
    sha256: 2c1b676496382a33e430f17429112fc6f4ebc34bea5be966a6b290af4040513b
    pantry-tree:
      size: 12716
      sha256: 21f74a6f51fae6c0a0fcf3e6620a59f341289ac743998b41ed3276fd1b7d8862
  original:
    subdir: llvm-hs
    url: https://github.com/llvm-hs/llvm-hs/archive/e4b3cfa47e72f094ab109884f18acfc666b0fb7d.tar.gz
- completed:
    size: 9802201
    subdir: llvm-hs-pure
    url: https://github.com/llvm-hs/llvm-hs/archive/e4b3cfa47e72f094ab109884f18acfc666b0fb7d.tar.gz
    name: llvm-hs-pure
    version: 15.0.0
    sha256: 2c1b676496382a33e430f17429112fc6f4ebc34bea5be966a6b290af4040513b
    pantry-tree:
      size: 2712
      sha256: b512f9e5f8f2b3e3a06bad2fa5ff053a83d817798c7efcd47e254e68c842169d
  original:
    subdir: llvm-hs-pure
    url: https://github.com/llvm-hs/llvm-hs/archive/e4b3cfa47e72f094ab109884f18acfc666b0fb7d.tar.gz
snapshots:
- completed:
    size: 640014
    url: https://raw.githubusercontent.com/commercialhaskell/stackage-snapshots/master/lts/21/4.yaml
    sha256: caa77fdbc5b9f698262b21ee78030133272ec53116ad6ddbefdc4c321f668e0c
  original: lts-21.4
