# This file was autogenerated by Stack.
# You should not edit this file by hand.
# For more information, please see the documentation at:
#   https://docs.haskellstack.org/en/stable/lock_files

packages:
- completed:
    name: accelerate
    pantry-tree:
      sha256: cf97973656bb0f7ded17b5e98fc2baa4914b6703c9c3b5e5b81d98925864323c
      size: 18551
    sha256: d4991ed3500f1ff3ecc7bc9cb0a1d25a7df1c6b8566e3ea434ef7b3b7957b2f3
    size: 722510
    url: https://github.com/acceleratehs/accelerate/archive/17466411109170c4e4361d9980f1cded0eb85efb.tar.gz
    version: 1.3.0.0
  original:
    url: https://github.com/acceleratehs/accelerate/archive/17466411109170c4e4361d9980f1cded0eb85efb.tar.gz
snapshots:
- completed:
    sha256: caa77fdbc5b9f698262b21ee78030133272ec53116ad6ddbefdc4c321f668e0c
    size: 640014
    url: https://raw.githubusercontent.com/commercialhaskell/stackage-snapshots/master/lts/21/4.yaml
  original: lts-21.4
